// !$*UTF8*$!
{
	archiveVersion = 1;
	classes = {
	};
	objectVersion = 48;
	objects = {

/* Begin PBXBuildFile section */
		19483EDF440A46FA15A6AB5B /* Pods_CopyLinkActivityExample.framework in Frameworks */ = {isa = PBXBuildFile; fileRef = 65555B7711121323294570FA /* Pods_CopyLinkActivityExample.framework */; };
		5BF8A7631FD0302A00018142 /* AppDelegate.swift in Sources */ = {isa = PBXBuildFile; fileRef = 5BF8A7621FD0302A00018142 /* AppDelegate.swift */; };
		5BF8A7651FD0302A00018142 /* ViewController.swift in Sources */ = {isa = PBXBuildFile; fileRef = 5BF8A7641FD0302A00018142 /* ViewController.swift */; };
		5BF8A7681FD0302A00018142 /* Main.storyboard in Resources */ = {isa = PBXBuildFile; fileRef = 5BF8A7661FD0302A00018142 /* Main.storyboard */; };
		5BF8A76A1FD0302A00018142 /* Assets.xcassets in Resources */ = {isa = PBXBuildFile; fileRef = 5BF8A7691FD0302A00018142 /* Assets.xcassets */; };
		5BF8A76D1FD0302A00018142 /* LaunchScreen.storyboard in Resources */ = {isa = PBXBuildFile; fileRef = 5BF8A76B1FD0302A00018142 /* LaunchScreen.storyboard */; };
/* End PBXBuildFile section */

/* Begin PBXFileReference section */
		1BD7A5FAEB2981D429E65B84 /* Pods-CopyLinkActivityExample.debug.xcconfig */ = {isa = PBXFileReference; includeInIndex = 1; lastKnownFileType = text.xcconfig; name = "Pods-CopyLinkActivityExample.debug.xcconfig"; path = "Pods/Target Support Files/Pods-CopyLinkActivityExample/Pods-CopyLinkActivityExample.debug.xcconfig"; sourceTree = "<group>"; };
		5BF8A75F1FD0302A00018142 /* CopyLinkActivityExample.app */ = {isa = PBXFileReference; explicitFileType = wrapper.application; includeInIndex = 0; path = CopyLinkActivityExample.app; sourceTree = BUILT_PRODUCTS_DIR; };
		5BF8A7621FD0302A00018142 /* AppDelegate.swift */ = {isa = PBXFileReference; lastKnownFileType = sourcecode.swift; path = AppDelegate.swift; sourceTree = "<group>"; };
		5BF8A7641FD0302A00018142 /* ViewController.swift */ = {isa = PBXFileReference; lastKnownFileType = sourcecode.swift; path = ViewController.swift; sourceTree = "<group>"; };
		5BF8A7671FD0302A00018142 /* Base */ = {isa = PBXFileReference; lastKnownFileType = file.storyboard; name = Base; path = Base.lproj/Main.storyboard; sourceTree = "<group>"; };
		5BF8A7691FD0302A00018142 /* Assets.xcassets */ = {isa = PBXFileReference; lastKnownFileType = folder.assetcatalog; path = Assets.xcassets; sourceTree = "<group>"; };
		5BF8A76C1FD0302A00018142 /* Base */ = {isa = PBXFileReference; lastKnownFileType = file.storyboard; name = Base; path = Base.lproj/LaunchScreen.storyboard; sourceTree = "<group>"; };
		5BF8A76E1FD0302A00018142 /* Info.plist */ = {isa = PBXFileReference; lastKnownFileType = text.plist.xml; path = Info.plist; sourceTree = "<group>"; };
		65555B7711121323294570FA /* Pods_CopyLinkActivityExample.framework */ = {isa = PBXFileReference; explicitFileType = wrapper.framework; includeInIndex = 0; path = Pods_CopyLinkActivityExample.framework; sourceTree = BUILT_PRODUCTS_DIR; };
		6F62D28AF0558FF324F2AF0C /* Pods-CopyLinkActivityExample.release.xcconfig */ = {isa = PBXFileReference; includeInIndex = 1; lastKnownFileType = text.xcconfig; name = "Pods-CopyLinkActivityExample.release.xcconfig"; path = "Pods/Target Support Files/Pods-CopyLinkActivityExample/Pods-CopyLinkActivityExample.release.xcconfig"; sourceTree = "<group>"; };
/* End PBXFileReference section */

/* Begin PBXFrameworksBuildPhase section */
		5BF8A75C1FD0302A00018142 /* Frameworks */ = {
			isa = PBXFrameworksBuildPhase;
			buildActionMask = 2147483647;
			files = (
				19483EDF440A46FA15A6AB5B /* Pods_CopyLinkActivityExample.framework in Frameworks */,
			);
			runOnlyForDeploymentPostprocessing = 0;
		};
/* End PBXFrameworksBuildPhase section */

/* Begin PBXGroup section */
		26213C6A79177E41F2FEB043 /* Pods */ = {
			isa = PBXGroup;
			children = (
				1BD7A5FAEB2981D429E65B84 /* Pods-CopyLinkActivityExample.debug.xcconfig */,
				6F62D28AF0558FF324F2AF0C /* Pods-CopyLinkActivityExample.release.xcconfig */,
			);
			name = Pods;
			sourceTree = "<group>";
		};
		5BF8A7561FD0302A00018142 = {
			isa = PBXGroup;
			children = (
				5BF8A7611FD0302A00018142 /* CopyLinkActivityExample */,
				5BF8A7601FD0302A00018142 /* Products */,
				26213C6A79177E41F2FEB043 /* Pods */,
				F5F7F29D50307110A7997172 /* Frameworks */,
			);
			sourceTree = "<group>";
		};
		5BF8A7601FD0302A00018142 /* Products */ = {
			isa = PBXGroup;
			children = (
				5BF8A75F1FD0302A00018142 /* CopyLinkActivityExample.app */,
			);
			name = Products;
			sourceTree = "<group>";
		};
		5BF8A7611FD0302A00018142 /* CopyLinkActivityExample */ = {
			isa = PBXGroup;
			children = (
				5BF8A7621FD0302A00018142 /* AppDelegate.swift */,
				5BF8A7641FD0302A00018142 /* ViewController.swift */,
				5BF8A7661FD0302A00018142 /* Main.storyboard */,
				5BF8A7691FD0302A00018142 /* Assets.xcassets */,
				5BF8A76B1FD0302A00018142 /* LaunchScreen.storyboard */,
				5BF8A76E1FD0302A00018142 /* Info.plist */,
			);
			path = CopyLinkActivityExample;
			sourceTree = "<group>";
		};
		F5F7F29D50307110A7997172 /* Frameworks */ = {
			isa = PBXGroup;
			children = (
				65555B7711121323294570FA /* Pods_CopyLinkActivityExample.framework */,
			);
			name = Frameworks;
			sourceTree = "<group>";
		};
/* End PBXGroup section */

/* Begin PBXNativeTarget section */
		5BF8A75E1FD0302A00018142 /* CopyLinkActivityExample */ = {
			isa = PBXNativeTarget;
			buildConfigurationList = 5BF8A7711FD0302A00018142 /* Build configuration list for PBXNativeTarget "CopyLinkActivityExample" */;
			buildPhases = (
				1BEE2F860190EADEB969251B /* [CP] Check Pods Manifest.lock */,
				5BF8A75B1FD0302A00018142 /* Sources */,
				5BF8A75C1FD0302A00018142 /* Frameworks */,
				5BF8A75D1FD0302A00018142 /* Resources */,
				F69CAC5BE1E2C3954302A8EA /* [CP] Embed Pods Frameworks */,
				40821254474BE117D6DCD8A6 /* [CP] Copy Pods Resources */,
			);
			buildRules = (
			);
			dependencies = (
			);
			name = CopyLinkActivityExample;
			productName = CopyLinkActivityExample;
			productReference = 5BF8A75F1FD0302A00018142 /* CopyLinkActivityExample.app */;
			productType = "com.apple.product-type.application";
		};
/* End PBXNativeTarget section */

/* Begin PBXProject section */
		5BF8A7571FD0302A00018142 /* Project object */ = {
			isa = PBXProject;
			attributes = {
				LastSwiftUpdateCheck = 0910;
				LastUpgradeCheck = 0910;
				TargetAttributes = {
					5BF8A75E1FD0302A00018142 = {
						CreatedOnToolsVersion = 9.1;
						ProvisioningStyle = Automatic;
					};
				};
			};
			buildConfigurationList = 5BF8A75A1FD0302A00018142 /* Build configuration list for PBXProject "CopyLinkActivityExample" */;
			compatibilityVersion = "Xcode 8.0";
			developmentRegion = en;
			hasScannedForEncodings = 0;
			knownRegions = (
				en,
				Base,
			);
			mainGroup = 5BF8A7561FD0302A00018142;
			productRefGroup = 5BF8A7601FD0302A00018142 /* Products */;
			projectDirPath = "";
			projectRoot = "";
			targets = (
				5BF8A75E1FD0302A00018142 /* CopyLinkActivityExample */,
			);
		};
/* End PBXProject section */

/* Begin PBXResourcesBuildPhase section */
		5BF8A75D1FD0302A00018142 /* Resources */ = {
			isa = PBXResourcesBuildPhase;
			buildActionMask = 2147483647;
			files = (
				5BF8A76D1FD0302A00018142 /* LaunchScreen.storyboard in Resources */,
				5BF8A76A1FD0302A00018142 /* Assets.xcassets in Resources */,
				5BF8A7681FD0302A00018142 /* Main.storyboard in Resources */,
			);
			runOnlyForDeploymentPostprocessing = 0;
		};
/* End PBXResourcesBuildPhase section */

/* Begin PBXShellScriptBuildPhase section */
		1BEE2F860190EADEB969251B /* [CP] Check Pods Manifest.lock */ = {
			isa = PBXShellScriptBuildPhase;
			buildActionMask = 2147483647;
			files = (
			);
			inputPaths = (
				"${PODS_PODFILE_DIR_PATH}/Podfile.lock",
				"${PODS_ROOT}/Manifest.lock",
			);
			name = "[CP] Check Pods Manifest.lock";
			outputPaths = (
				"$(DERIVED_FILE_DIR)/Pods-CopyLinkActivityExample-checkManifestLockResult.txt",
			);
			runOnlyForDeploymentPostprocessing = 0;
			shellPath = /bin/sh;
			shellScript = "diff \"${PODS_PODFILE_DIR_PATH}/Podfile.lock\" \"${PODS_ROOT}/Manifest.lock\" > /dev/null\nif [ $? != 0 ] ; then\n    # print error to STDERR\n    echo \"error: The sandbox is not in sync with the Podfile.lock. Run 'pod install' or update your CocoaPods installation.\" >&2\n    exit 1\nfi\n# This output is used by Xcode 'outputs' to avoid re-running this script phase.\necho \"SUCCESS\" > \"${SCRIPT_OUTPUT_FILE_0}\"\n";
			showEnvVarsInLog = 0;
		};
		40821254474BE117D6DCD8A6 /* [CP] Copy Pods Resources */ = {
			isa = PBXShellScriptBuildPhase;
			buildActionMask = 2147483647;
			files = (
			);
			inputPaths = (
			);
			name = "[CP] Copy Pods Resources";
			outputPaths = (
			);
			runOnlyForDeploymentPostprocessing = 0;
			shellPath = /bin/sh;
			shellScript = "\"${SRCROOT}/Pods/Target Support Files/Pods-CopyLinkActivityExample/Pods-CopyLinkActivityExample-resources.sh\"\n";
			showEnvVarsInLog = 0;
		};
		F69CAC5BE1E2C3954302A8EA /* [CP] Embed Pods Frameworks */ = {
			isa = PBXShellScriptBuildPhase;
			buildActionMask = 2147483647;
			files = (
			);
			inputPaths = (
				"${SRCROOT}/Pods/Target Support Files/Pods-CopyLinkActivityExample/Pods-CopyLinkActivityExample-frameworks.sh",
				"${BUILT_PRODUCTS_DIR}/CopyLinkActivity/CopyLinkActivity.framework",
			);
			name = "[CP] Embed Pods Frameworks";
			outputPaths = (
				"${TARGET_BUILD_DIR}/${FRAMEWORKS_FOLDER_PATH}/CopyLinkActivity.framework",
			);
			runOnlyForDeploymentPostprocessing = 0;
			shellPath = /bin/sh;
			shellScript = "\"${SRCROOT}/Pods/Target Support Files/Pods-CopyLinkActivityExample/Pods-CopyLinkActivityExample-frameworks.sh\"\n";
			showEnvVarsInLog = 0;
		};
/* End PBXShellScriptBuildPhase section */

/* Begin PBXSourcesBuildPhase section */
		5BF8A75B1FD0302A00018142 /* Sources */ = {
			isa = PBXSourcesBuildPhase;
			buildActionMask = 2147483647;
			files = (
				5BF8A7651FD0302A00018142 /* ViewController.swift in Sources */,
				5BF8A7631FD0302A00018142 /* AppDelegate.swift in Sources */,
			);
			runOnlyForDeploymentPostprocessing = 0;
		};
/* End PBXSourcesBuildPhase section */

/* Begin PBXVariantGroup section */
		5BF8A7661FD0302A00018142 /* Main.storyboard */ = {
			isa = PBXVariantGroup;
			children = (
				5BF8A7671FD0302A00018142 /* Base */,
			);
			name = Main.storyboard;
			sourceTree = "<group>";
		};
		5BF8A76B1FD0302A00018142 /* LaunchScreen.storyboard */ = {
			isa = PBXVariantGroup;
			children = (
				5BF8A76C1FD0302A00018142 /* Base */,
			);
			name = LaunchScreen.storyboard;
			sourceTree = "<group>";
		};
/* End PBXVariantGroup section */

/* Begin XCBuildConfiguration section */
		5BF8A76F1FD0302A00018142 /* Debug */ = {
			isa = XCBuildConfiguration;
			buildSettings = {
				ALWAYS_SEARCH_USER_PATHS = NO;
				CLANG_ANALYZER_NONNULL = YES;
				CLANG_ANALYZER_NUMBER_OBJECT_CONVERSION = YES_AGGRESSIVE;
				CLANG_CXX_LANGUAGE_STANDARD = "gnu++14";
				CLANG_CXX_LIBRARY = "libc++";
				CLANG_ENABLE_MODULES = YES;
				CLANG_ENABLE_OBJC_ARC = YES;
				CLANG_WARN_BLOCK_CAPTURE_AUTORELEASING = YES;
				CLANG_WARN_BOOL_CONVERSION = YES;
				CLANG_WARN_COMMA = YES;
				CLANG_WARN_CONSTANT_CONVERSION = YES;
				CLANG_WARN_DIRECT_OBJC_ISA_USAGE = YES_ERROR;
				CLANG_WARN_DOCUMENTATION_COMMENTS = YES;
				CLANG_WARN_EMPTY_BODY = YES;
				CLANG_WARN_ENUM_CONVERSION = YES;
				CLANG_WARN_INFINITE_RECURSION = YES;
				CLANG_WARN_INT_CONVERSION = YES;
				CLANG_WARN_NON_LITERAL_NULL_CONVERSION = YES;
				CLANG_WARN_OBJC_LITERAL_CONVERSION = YES;
				CLANG_WARN_OBJC_ROOT_CLASS = YES_ERROR;
				CLANG_WARN_RANGE_LOOP_ANALYSIS = YES;
				CLANG_WARN_STRICT_PROTOTYPES = YES;
				CLANG_WARN_SUSPICIOUS_MOVE = YES;
				CLANG_WARN_UNGUARDED_AVAILABILITY = YES_AGGRESSIVE;
				CLANG_WARN_UNREACHABLE_CODE = YES;
				CLANG_WARN__DUPLICATE_METHOD_MATCH = YES;
				CODE_SIGN_IDENTITY = "iPhone Developer";
				COPY_PHASE_STRIP = NO;
				DEBUG_INFORMATION_FORMAT = dwarf;
				ENABLE_STRICT_OBJC_MSGSEND = YES;
				ENABLE_TESTABILITY = YES;
				GCC_C_LANGUAGE_STANDARD = gnu11;
				GCC_DYNAMIC_NO_PIC = NO;
				GCC_NO_COMMON_BLOCKS = YES;
				GCC_OPTIMIZATION_LEVEL = 0;
				GCC_PREPROCESSOR_DEFINITIONS = (
					"DEBUG=1",
					"$(inherited)",
				);
				GCC_WARN_64_TO_32_BIT_CONVERSION = YES;
				GCC_WARN_ABOUT_RETURN_TYPE = YES_ERROR;
				GCC_WARN_UNDECLARED_SELECTOR = YES;
				GCC_WARN_UNINITIALIZED_AUTOS = YES_AGGRESSIVE;
				GCC_WARN_UNUSED_FUNCTION = YES;
				GCC_WARN_UNUSED_VARIABLE = YES;
				IPHONEOS_DEPLOYMENT_TARGET = 11.1;
				MTL_ENABLE_DEBUG_INFO = YES;
				ONLY_ACTIVE_ARCH = YES;
				SDKROOT = iphoneos;
				SWIFT_ACTIVE_COMPILATION_CONDITIONS = DEBUG;
				SWIFT_OPTIMIZATION_LEVEL = "-Onone";
			};
			name = Debug;
		};
		5BF8A7701FD0302A00018142 /* Release */ = {
			isa = XCBuildConfiguration;
			buildSettings = {
				ALWAYS_SEARCH_USER_PATHS = NO;
				CLANG_ANALYZER_NONNULL = YES;
				CLANG_ANALYZER_NUMBER_OBJECT_CONVERSION = YES_AGGRESSIVE;
				CLANG_CXX_LANGUAGE_STANDARD = "gnu++14";
				CLANG_CXX_LIBRARY = "libc++";
				CLANG_ENABLE_MODULES = YES;
				CLANG_ENABLE_OBJC_ARC = YES;
				CLANG_WARN_BLOCK_CAPTURE_AUTORELEASING = YES;
				CLANG_WARN_BOOL_CONVERSION = YES;
				CLANG_WARN_COMMA = YES;
				CLANG_WARN_CONSTANT_CONVERSION = YES;
				CLANG_WARN_DIRECT_OBJC_ISA_USAGE = YES_ERROR;
				CLANG_WARN_DOCUMENTATION_COMMENTS = YES;
				CLANG_WARN_EMPTY_BODY = YES;
				CLANG_WARN_ENUM_CONVERSION = YES;
				CLANG_WARN_INFINITE_RECURSION = YES;
				CLANG_WARN_INT_CONVERSION = YES;
				CLANG_WARN_NON_LITERAL_NULL_CONVERSION = YES;
				CLANG_WARN_OBJC_LITERAL_CONVERSION = YES;
				CLANG_WARN_OBJC_ROOT_CLASS = YES_ERROR;
				CLANG_WARN_RANGE_LOOP_ANALYSIS = YES;
				CLANG_WARN_STRICT_PROTOTYPES = YES;
				CLANG_WARN_SUSPICIOUS_MOVE = YES;
				CLANG_WARN_UNGUARDED_AVAILABILITY = YES_AGGRESSIVE;
				CLANG_WARN_UNREACHABLE_CODE = YES;
				CLANG_WARN__DUPLICATE_METHOD_MATCH = YES;
				CODE_SIGN_IDENTITY = "iPhone Developer";
				COPY_PHASE_STRIP = NO;
				DEBUG_INFORMATION_FORMAT = "dwarf-with-dsym";
				ENABLE_NS_ASSERTIONS = NO;
				ENABLE_STRICT_OBJC_MSGSEND = YES;
				GCC_C_LANGUAGE_STANDARD = gnu11;
				GCC_NO_COMMON_BLOCKS = YES;
				GCC_WARN_64_TO_32_BIT_CONVERSION = YES;
				GCC_WARN_ABOUT_RETURN_TYPE = YES_ERROR;
				GCC_WARN_UNDECLARED_SELECTOR = YES;
				GCC_WARN_UNINITIALIZED_AUTOS = YES_AGGRESSIVE;
				GCC_WARN_UNUSED_FUNCTION = YES;
				GCC_WARN_UNUSED_VARIABLE = YES;
				IPHONEOS_DEPLOYMENT_TARGET = 11.1;
				MTL_ENABLE_DEBUG_INFO = NO;
				SDKROOT = iphoneos;
				SWIFT_OPTIMIZATION_LEVEL = "-Owholemodule";
				VALIDATE_PRODUCT = YES;
			};
			name = Release;
		};
		5BF8A7721FD0302A00018142 /* Debug */ = {
			isa = XCBuildConfiguration;
			baseConfigurationReference = 1BD7A5FAEB2981D429E65B84 /* Pods-CopyLinkActivityExample.debug.xcconfig */;
			buildSettings = {
				ASSETCATALOG_COMPILER_APPICON_NAME = AppIcon;
				CODE_SIGN_STYLE = Automatic;
				INFOPLIST_FILE = CopyLinkActivityExample/Info.plist;
				LD_RUNPATH_SEARCH_PATHS = "$(inherited) @executable_path/Frameworks";
				PRODUCT_BUNDLE_IDENTIFIER = me.morishin.CopyLinkActivityExample;
				PRODUCT_NAME = "$(TARGET_NAME)";
				SWIFT_VERSION = 4.0;
				TARGETED_DEVICE_FAMILY = "1,2";
			};
			name = Debug;
		};
		5BF8A7731FD0302A00018142 /* Release */ = {
			isa = XCBuildConfiguration;
			baseConfigurationReference = 6F62D28AF0558FF324F2AF0C /* Pods-CopyLinkActivityExample.release.xcconfig */;
			buildSettings = {
				ASSETCATALOG_COMPILER_APPICON_NAME = AppIcon;
				CODE_SIGN_STYLE = Automatic;
				INFOPLIST_FILE = CopyLinkActivityExample/Info.plist;
				LD_RUNPATH_SEARCH_PATHS = "$(inherited) @executable_path/Frameworks";
				PRODUCT_BUNDLE_IDENTIFIER = me.morishin.CopyLinkActivityExample;
				PRODUCT_NAME = "$(TARGET_NAME)";
				SWIFT_VERSION = 4.0;
				TARGETED_DEVICE_FAMILY = "1,2";
			};
			name = Release;
		};
/* End XCBuildConfiguration section */

/* Begin XCConfigurationList section */
		5BF8A75A1FD0302A00018142 /* Build configuration list for PBXProject "CopyLinkActivityExample" */ = {
			isa = XCConfigurationList;
			buildConfigurations = (
				5BF8A76F1FD0302A00018142 /* Debug */,
				5BF8A7701FD0302A00018142 /* Release */,
			);
			defaultConfigurationIsVisible = 0;
			defaultConfigurationName = Release;
		};
		5BF8A7711FD0302A00018142 /* Build configuration list for PBXNativeTarget "CopyLinkActivityExample" */ = {
			isa = XCConfigurationList;
			buildConfigurations = (
				5BF8A7721FD0302A00018142 /* Debug */,
				5BF8A7731FD0302A00018142 /* Release */,
			);
			defaultConfigurationIsVisible = 0;
			defaultConfigurationName = Release;
		};
/* End XCConfigurationList section */
	};
	rootObject = 5BF8A7571FD0302A00018142 /* Project object */;
}
